// !$*UTF8*$!
{
	archiveVersion = 1;
	classes = {
	};
	objectVersion = 42;
	objects = {

/* Begin PBXBuildFile section */
		8B05AB170A43559400147648 /* KFSplitView.h in Headers */ = {isa = PBXBuildFile; fileRef = 8B05AB150A43559400147648 /* KFSplitView.h */; settings = {ATTRIBUTES = (Public, ); }; };
		8B05AB180A43559400147648 /* KFSplitView.m in Sources */ = {isa = PBXBuildFile; fileRef = 8B05AB160A43559400147648 /* KFSplitView.m */; };
		8B42376008BA723500DC78F2 /* WYTableView.m in Sources */ = {isa = PBXBuildFile; fileRef = 8B42375F08BA723500DC78F2 /* WYTableView.m */; };
		8B42376208BA723E00DC78F2 /* WYTableView.h in Headers */ = {isa = PBXBuildFile; fileRef = 8B42376108BA723E00DC78F2 /* WYTableView.h */; settings = {ATTRIBUTES = (Public, ); }; };
		8B42404208BFD09C00DC78F2 /* LNAboutBoxController.h in Headers */ = {isa = PBXBuildFile; fileRef = 8B42403F08BFD09C00DC78F2 /* LNAboutBoxController.h */; settings = {ATTRIBUTES = (Public, ); }; };
		8B42404308BFD09C00DC78F2 /* WYPreferenceWindow.h in Headers */ = {isa = PBXBuildFile; fileRef = 8B42404008BFD09C00DC78F2 /* WYPreferenceWindow.h */; settings = {ATTRIBUTES = (Public, ); }; };
		8B42404408BFD09C00DC78F2 /* WYAlertExtensions.h in Headers */ = {isa = PBXBuildFile; fileRef = 8B42404108BFD09C00DC78F2 /* WYAlertExtensions.h */; settings = {ATTRIBUTES = (Public, ); }; };
		8B42404908BFD0C700DC78F2 /* AboutBox.nib in Resources */ = {isa = PBXBuildFile; fileRef = 8B42404508BFD0C700DC78F2 /* AboutBox.nib */; };
		8B42404A08BFD0C700DC78F2 /* LNAboutBoxController.m in Sources */ = {isa = PBXBuildFile; fileRef = 8B42404608BFD0C700DC78F2 /* LNAboutBoxController.m */; };
		8B42404B08BFD0C700DC78F2 /* WYPreferenceWindow.m in Sources */ = {isa = PBXBuildFile; fileRef = 8B42404708BFD0C700DC78F2 /* WYPreferenceWindow.m */; };
		8B42404C08BFD0C700DC78F2 /* WYAlertExtensions.m in Sources */ = {isa = PBXBuildFile; fileRef = 8B42404808BFD0C700DC78F2 /* WYAlertExtensions.m */; };
		8B4240A508BFE5CD00DC78F2 /* WYApplicationAdditions.h in Headers */ = {isa = PBXBuildFile; fileRef = 8B4240A408BFE5CD00DC78F2 /* WYApplicationAdditions.h */; settings = {ATTRIBUTES = (Public, ); }; };
		8B4240A708BFE5D600DC78F2 /* WYApplicationAdditions.m in Sources */ = {isa = PBXBuildFile; fileRef = 8B4240A608BFE5D600DC78F2 /* WYApplicationAdditions.m */; };
		8B73DA810A49F2AF00484717 /* AIGradient.m in Sources */ = {isa = PBXBuildFile; fileRef = 8B73DA5B0A49F2AF00484717 /* AIGradient.m */; };
		8B73DA820A49F2AF00484717 /* AIGradient.h in Headers */ = {isa = PBXBuildFile; fileRef = 8B73DA5C0A49F2AF00484717 /* AIGradient.h */; settings = {ATTRIBUTES = (Public, ); }; };
		8B73DA830A49F2AF00484717 /* AIGenericViewCell.m in Sources */ = {isa = PBXBuildFile; fileRef = 8B73DA5D0A49F2AF00484717 /* AIGenericViewCell.m */; };
		8B73DA840A49F2AF00484717 /* AIGenericViewCell.h in Headers */ = {isa = PBXBuildFile; fileRef = 8B73DA5E0A49F2AF00484717 /* AIGenericViewCell.h */; settings = {ATTRIBUTES = (Public, ); }; };
		8B73DA850A49F2AF00484717 /* AIGradientCell.h in Headers */ = {isa = PBXBuildFile; fileRef = 8B73DA5F0A49F2AF00484717 /* AIGradientCell.h */; settings = {ATTRIBUTES = (Public, ); }; };
		8B73DA860A49F2AF00484717 /* AIGradientCell.m in Sources */ = {isa = PBXBuildFile; fileRef = 8B73DA600A49F2AF00484717 /* AIGradientCell.m */; };
		8B73DA870A49F2AF00484717 /* AIGradientImageCell.h in Headers */ = {isa = PBXBuildFile; fileRef = 8B73DA610A49F2AF00484717 /* AIGradientImageCell.h */; settings = {ATTRIBUTES = (Public, ); }; };
		8B73DA880A49F2AF00484717 /* AIGradientImageCell.m in Sources */ = {isa = PBXBuildFile; fileRef = 8B73DA620A49F2AF00484717 /* AIGradientImageCell.m */; };
		8B73DA890A49F2AF00484717 /* AIFunctions.h in Headers */ = {isa = PBXBuildFile; fileRef = 8B73DA630A49F2AF00484717 /* AIFunctions.h */; settings = {ATTRIBUTES = (Public, ); }; };
		8B73DA8A0A49F2AF00484717 /* AIFunctions.m in Sources */ = {isa = PBXBuildFile; fileRef = 8B73DA640A49F2AF00484717 /* AIFunctions.m */; };
		8B73DA8B0A49F2AF00484717 /* AIFontManagerAdditions.h in Headers */ = {isa = PBXBuildFile; fileRef = 8B73DA650A49F2AF00484717 /* AIFontManagerAdditions.h */; settings = {ATTRIBUTES = (Public, ); }; };
		8B73DA8C0A49F2AF00484717 /* AIFontManagerAdditions.m in Sources */ = {isa = PBXBuildFile; fileRef = 8B73DA660A49F2AF00484717 /* AIFontManagerAdditions.m */; };
		8B73DA8D0A49F2AF00484717 /* AIApplicationAdditions.h in Headers */ = {isa = PBXBuildFile; fileRef = 8B73DA670A49F2AF00484717 /* AIApplicationAdditions.h */; settings = {ATTRIBUTES = (Public, ); }; };
		8B73DA8E0A49F2AF00484717 /* AIApplicationAdditions.m in Sources */ = {isa = PBXBuildFile; fileRef = 8B73DA680A49F2AF00484717 /* AIApplicationAdditions.m */; };
		8B73DA8F0A49F2AF00484717 /* AIScannerAdditions.h in Headers */ = {isa = PBXBuildFile; fileRef = 8B73DA690A49F2AF00484717 /* AIScannerAdditions.h */; settings = {ATTRIBUTES = (Public, ); }; };
		8B73DA900A49F2AF00484717 /* AIScannerAdditions.m in Sources */ = {isa = PBXBuildFile; fileRef = 8B73DA6A0A49F2AF00484717 /* AIScannerAdditions.m */; };
		8B73DA910A49F2AF00484717 /* AIStringAdditions.m in Sources */ = {isa = PBXBuildFile; fileRef = 8B73DA6B0A49F2AF00484717 /* AIStringAdditions.m */; };
		8B73DA920A49F2AF00484717 /* AIStringAdditions.h in Headers */ = {isa = PBXBuildFile; fileRef = 8B73DA6C0A49F2AF00484717 /* AIStringAdditions.h */; settings = {ATTRIBUTES = (Public, ); }; };
		8B73DA930A49F2AF00484717 /* AIStringUtilities.h in Headers */ = {isa = PBXBuildFile; fileRef = 8B73DA6D0A49F2AF00484717 /* AIStringUtilities.h */; settings = {ATTRIBUTES = (Public, ); }; };
		8B73DA940A49F2AF00484717 /* AIScaledImageCell.h in Headers */ = {isa = PBXBuildFile; fileRef = 8B73DA6E0A49F2AF00484717 /* AIScaledImageCell.h */; settings = {ATTRIBUTES = (Public, ); }; };
		8B73DA950A49F2AF00484717 /* AIScaledImageCell.m in Sources */ = {isa = PBXBuildFile; fileRef = 8B73DA6F0A49F2AF00484717 /* AIScaledImageCell.m */; };
		8B73DA960A49F2AF00484717 /* AIVerticallyCenteredTextCell.h in Headers */ = {isa = PBXBuildFile; fileRef = 8B73DA700A49F2AF00484717 /* AIVerticallyCenteredTextCell.h */; settings = {ATTRIBUTES = (Public, ); }; };
		8B73DA970A49F2AF00484717 /* AIVerticallyCenteredTextCell.m in Sources */ = {isa = PBXBuildFile; fileRef = 8B73DA710A49F2AF00484717 /* AIVerticallyCenteredTextCell.m */; };
		8B73DA980A49F2AF00484717 /* AITextAttributes.h in Headers */ = {isa = PBXBuildFile; fileRef = 8B73DA720A49F2AF00484717 /* AITextAttributes.h */; settings = {ATTRIBUTES = (Public, ); }; };
		8B73DA990A49F2AF00484717 /* AITextAttributes.m in Sources */ = {isa = PBXBuildFile; fileRef = 8B73DA730A49F2AF00484717 /* AITextAttributes.m */; };
		8B73DA9A0A49F2AF00484717 /* AIParagraphStyleAdditions.m in Sources */ = {isa = PBXBuildFile; fileRef = 8B73DA740A49F2AF00484717 /* AIParagraphStyleAdditions.m */; };
		8B73DA9B0A49F2AF00484717 /* AIParagraphStyleAdditions.h in Headers */ = {isa = PBXBuildFile; fileRef = 8B73DA750A49F2AF00484717 /* AIParagraphStyleAdditions.h */; settings = {ATTRIBUTES = (Public, ); }; };
		8B73DA9C0A49F2AF00484717 /* AIImageTextCell.h in Headers */ = {isa = PBXBuildFile; fileRef = 8B73DA760A49F2AF00484717 /* AIImageTextCell.h */; settings = {ATTRIBUTES = (Public, ); }; };
		8B73DA9D0A49F2AF00484717 /* AIImageTextCell.m in Sources */ = {isa = PBXBuildFile; fileRef = 8B73DA770A49F2AF00484717 /* AIImageTextCell.m */; };
		8B73DA9E0A49F2AF00484717 /* AIColorAdditions.m in Sources */ = {isa = PBXBuildFile; fileRef = 8B73DA780A49F2AF00484717 /* AIColorAdditions.m */; };
		8B73DA9F0A49F2AF00484717 /* AIColorAdditions.h in Headers */ = {isa = PBXBuildFile; fileRef = 8B73DA790A49F2AF00484717 /* AIColorAdditions.h */; settings = {ATTRIBUTES = (Public, ); }; };
		8B73DAA00A49F2AF00484717 /* AIContextImageBridge.m in Sources */ = {isa = PBXBuildFile; fileRef = 8B73DA7A0A49F2AF00484717 /* AIContextImageBridge.m */; };
		8B73DAA10A49F2AF00484717 /* AIContextImageBridge.h in Headers */ = {isa = PBXBuildFile; fileRef = 8B73DA7B0A49F2AF00484717 /* AIContextImageBridge.h */; settings = {ATTRIBUTES = (Public, ); }; };
		8B73DAA20A49F2AF00484717 /* AIBezierPathAdditions.m in Sources */ = {isa = PBXBuildFile; fileRef = 8B73DA7C0A49F2AF00484717 /* AIBezierPathAdditions.m */; };
		8B73DAA30A49F2AF00484717 /* AIBezierPathAdditions.h in Headers */ = {isa = PBXBuildFile; fileRef = 8B73DA7D0A49F2AF00484717 /* AIBezierPathAdditions.h */; settings = {ATTRIBUTES = (Public, ); }; };
		8B73DAA40A49F2AF00484717 /* AIAttributedStringAdditions.m in Sources */ = {isa = PBXBuildFile; fileRef = 8B73DA7E0A49F2AF00484717 /* AIAttributedStringAdditions.m */; };
		8B73DAA50A49F2AF00484717 /* AIAttributedStringAdditions.h in Headers */ = {isa = PBXBuildFile; fileRef = 8B73DA7F0A49F2AF00484717 /* AIAttributedStringAdditions.h */; settings = {ATTRIBUTES = (Public, ); }; };
		8B73DAA60A49F2AF00484717 /* AIExceptionHandlingUtilities.h in Headers */ = {isa = PBXBuildFile; fileRef = 8B73DA800A49F2AF00484717 /* AIExceptionHandlingUtilities.h */; settings = {ATTRIBUTES = (Public, ); }; };
		8B73DB090A49F7DF00484717 /* Carbon.framework in Frameworks */ = {isa = PBXBuildFile; fileRef = 8B73DB080A49F7DF00484717 /* Carbon.framework */; };
		8B9891A60A5EAAC500F73045 /* WYPreferenceView.h in Headers */ = {isa = PBXBuildFile; fileRef = 8B9891A40A5EAAC500F73045 /* WYPreferenceView.h */; settings = {ATTRIBUTES = (Public, ); }; };
		8B9892270A5EAFC500F73045 /* WYArrayExtensions.h in Headers */ = {isa = PBXBuildFile; fileRef = 8B9892250A5EAFC500F73045 /* WYArrayExtensions.h */; settings = {ATTRIBUTES = (Public, ); }; };
		8B9892280A5EAFC500F73045 /* WYArrayExtensions.m in Sources */ = {isa = PBXBuildFile; fileRef = 8B9892260A5EAFC500F73045 /* WYArrayExtensions.m */; };
		8BD6239A08B96CB7002E8C79 /* WYAppFramework.h in Headers */ = {isa = PBXBuildFile; fileRef = 8BD6237008B96CB7002E8C79 /* WYAppFramework.h */; settings = {ATTRIBUTES = (Public, ); }; };
		8BD623A808B96CB7002E8C79 /* WYOvalActionCell.h in Headers */ = {isa = PBXBuildFile; fileRef = 8BD6237E08B96CB7002E8C79 /* WYOvalActionCell.h */; settings = {ATTRIBUTES = (Public, ); }; };
		8BD623A908B96CB7002E8C79 /* WYOvalTextFieldCell.h in Headers */ = {isa = PBXBuildFile; fileRef = 8BD6237F08B96CB7002E8C79 /* WYOvalTextFieldCell.h */; settings = {ATTRIBUTES = (Public, ); }; };
		8BD623C108B96CB7002E8C79 /* WYOvalActionCell.m in Sources */ = {isa = PBXBuildFile; fileRef = 8BD6239808B96CB7002E8C79 /* WYOvalActionCell.m */; };
		8BD623C208B96CB7002E8C79 /* WYOvalTextFieldCell.m in Sources */ = {isa = PBXBuildFile; fileRef = 8BD6239908B96CB7002E8C79 /* WYOvalTextFieldCell.m */; };
		8BD623CC08B96CE0002E8C79 /* current.png in Resources */ = {isa = PBXBuildFile; fileRef = 8BD623C608B96CE0002E8C79 /* current.png */; };
		8BD623CD08B96CE0002E8C79 /* current_active.png in Resources */ = {isa = PBXBuildFile; fileRef = 8BD623C708B96CE0002E8C79 /* current_active.png */; };
		8BD623CE08B96CE0002E8C79 /* left.png in Resources */ = {isa = PBXBuildFile; fileRef = 8BD623C808B96CE0002E8C79 /* left.png */; };
		8BD623CF08B96CE0002E8C79 /* left_active.png in Resources */ = {isa = PBXBuildFile; fileRef = 8BD623C908B96CE0002E8C79 /* left_active.png */; };
		8BD623D008B96CE0002E8C79 /* right.png in Resources */ = {isa = PBXBuildFile; fileRef = 8BD623CA08B96CE0002E8C79 /* right.png */; };
		8BD623D108B96CE0002E8C79 /* right_active.png in Resources */ = {isa = PBXBuildFile; fileRef = 8BD623CB08B96CE0002E8C79 /* right_active.png */; };
		8BD623DA08B96D26002E8C79 /* InfoPlist.strings in Resources */ = {isa = PBXBuildFile; fileRef = 8BD623D908B96D26002E8C79 /* InfoPlist.strings */; };
		8DC2EF570486A6940098B216 /* Cocoa.framework in Frameworks */ = {isa = PBXBuildFile; fileRef = 1058C7B1FEA5585E11CA2CBB /* Cocoa.framework */; };
/* End PBXBuildFile section */

/* Begin PBXBuildStyle section */
		014CEA440018CDF011CA2923 /* Debug */ = {
			isa = PBXBuildStyle;
			buildSettings = {
				COPY_PHASE_STRIP = NO;
				GCC_DYNAMIC_NO_PIC = NO;
				GCC_ENABLE_FIX_AND_CONTINUE = YES;
				GCC_GENERATE_DEBUGGING_SYMBOLS = YES;
				GCC_OPTIMIZATION_LEVEL = 0;
				ZERO_LINK = YES;
			};
			name = Debug;
		};
		014CEA450018CDF011CA2923 /* Release */ = {
			isa = PBXBuildStyle;
			buildSettings = {
				COPY_PHASE_STRIP = YES;
				GCC_ENABLE_FIX_AND_CONTINUE = NO;
				ZERO_LINK = NO;
			};
			name = Release;
		};
/* End PBXBuildStyle section */

/* Begin PBXFileReference section */
		0867D69BFE84028FC02AAC07 /* Foundation.framework */ = {isa = PBXFileReference; lastKnownFileType = wrapper.framework; name = Foundation.framework; path = /System/Library/Frameworks/Foundation.framework; sourceTree = "<absolute>"; };
		0867D6A5FE840307C02AAC07 /* AppKit.framework */ = {isa = PBXFileReference; lastKnownFileType = wrapper.framework; name = AppKit.framework; path = /System/Library/Frameworks/AppKit.framework; sourceTree = "<absolute>"; };
		1058C7B1FEA5585E11CA2CBB /* Cocoa.framework */ = {isa = PBXFileReference; lastKnownFileType = wrapper.framework; name = Cocoa.framework; path = /System/Library/Frameworks/Cocoa.framework; sourceTree = "<absolute>"; };
		32DBCF5E0370ADEE00C91783 /* WYAppFramework_Prefix.pch */ = {isa = PBXFileReference; fileEncoding = 4; lastKnownFileType = sourcecode.c.h; name = WYAppFramework_Prefix.pch; path = "Other Sources/WYAppFramework_Prefix.pch"; sourceTree = "<group>"; };
		8B05AB150A43559400147648 /* KFSplitView.h */ = {isa = PBXFileReference; fileEncoding = 4; lastKnownFileType = sourcecode.c.h; name = KFSplitView.h; path = Source/KFSplitView.h; sourceTree = "<group>"; };
		8B05AB160A43559400147648 /* KFSplitView.m */ = {isa = PBXFileReference; fileEncoding = 4; lastKnownFileType = sourcecode.c.objc; name = KFSplitView.m; path = Source/KFSplitView.m; sourceTree = "<group>"; };
		8B42375F08BA723500DC78F2 /* WYTableView.m */ = {isa = PBXFileReference; fileEncoding = 30; lastKnownFileType = sourcecode.c.objc; name = WYTableView.m; path = Source/WYTableView.m; sourceTree = "<group>"; };
		8B42376108BA723E00DC78F2 /* WYTableView.h */ = {isa = PBXFileReference; fileEncoding = 30; lastKnownFileType = sourcecode.c.h; name = WYTableView.h; path = Source/WYTableView.h; sourceTree = "<group>"; };
		8B4239B008BA97D700DC78F2 /* WYMetalTableHeaderCell.h */ = {isa = PBXFileReference; fileEncoding = 30; lastKnownFileType = sourcecode.c.h; name = WYMetalTableHeaderCell.h; path = Source/WYMetalTableHeaderCell.h; sourceTree = "<group>"; };
		8B4239B108BA97D700DC78F2 /* WYMetalTableHeaderCell.m */ = {isa = PBXFileReference; fileEncoding = 30; lastKnownFileType = sourcecode.c.objc; name = WYMetalTableHeaderCell.m; path = Source/WYMetalTableHeaderCell.m; sourceTree = "<group>"; };
		8B423C0608BC017100DC78F2 /* WYMetalDarkTableHeaderView.h */ = {isa = PBXFileReference; fileEncoding = 4; lastKnownFileType = sourcecode.c.h; name = WYMetalDarkTableHeaderView.h; path = Source/WYMetalDarkTableHeaderView.h; sourceTree = "<group>"; };
		8B423C0708BC017100DC78F2 /* WYMetalDarkTableHeaderView.m */ = {isa = PBXFileReference; fileEncoding = 4; lastKnownFileType = sourcecode.c.objc; name = WYMetalDarkTableHeaderView.m; path = Source/WYMetalDarkTableHeaderView.m; sourceTree = "<group>"; };
		8B423C5D08BC04D600DC78F2 /* WYMetalBorderHeaderView.h */ = {isa = PBXFileReference; fileEncoding = 4; lastKnownFileType = sourcecode.c.h; name = WYMetalBorderHeaderView.h; path = Source/WYMetalBorderHeaderView.h; sourceTree = "<group>"; };
		8B423C5E08BC04D600DC78F2 /* WYMetalBorderHeaderView.m */ = {isa = PBXFileReference; fileEncoding = 4; lastKnownFileType = sourcecode.c.objc; name = WYMetalBorderHeaderView.m; path = Source/WYMetalBorderHeaderView.m; sourceTree = "<group>"; };
		8B423C9808BC072F00DC78F2 /* WYMetalBorderHeaderCell.h */ = {isa = PBXFileReference; fileEncoding = 4; lastKnownFileType = sourcecode.c.h; name = WYMetalBorderHeaderCell.h; path = Source/WYMetalBorderHeaderCell.h; sourceTree = "<group>"; };
		8B423C9908BC072F00DC78F2 /* WYMetalBorderHeaderCell.m */ = {isa = PBXFileReference; fileEncoding = 4; lastKnownFileType = sourcecode.c.objc; name = WYMetalBorderHeaderCell.m; path = Source/WYMetalBorderHeaderCell.m; sourceTree = "<group>"; };
		8B423DA008BC113C00DC78F2 /* WYScrollView.h */ = {isa = PBXFileReference; fileEncoding = 4; lastKnownFileType = sourcecode.c.h; name = WYScrollView.h; path = Source/WYScrollView.h; sourceTree = "<group>"; };
		8B423DA108BC113C00DC78F2 /* WYScrollView.m */ = {isa = PBXFileReference; fileEncoding = 4; lastKnownFileType = sourcecode.c.objc; name = WYScrollView.m; path = Source/WYScrollView.m; sourceTree = "<group>"; };
		8B423E5108BD2D0900DC78F2 /* WYTwoItemSplitView.h */ = {isa = PBXFileReference; fileEncoding = 4; lastKnownFileType = sourcecode.c.h; name = WYTwoItemSplitView.h; path = Source/WYTwoItemSplitView.h; sourceTree = "<group>"; };
		8B423E5208BD2D0900DC78F2 /* WYTwoItemSplitView.m */ = {isa = PBXFileReference; fileEncoding = 4; lastKnownFileType = sourcecode.c.objc; name = WYTwoItemSplitView.m; path = Source/WYTwoItemSplitView.m; sourceTree = "<group>"; };
		8B42403F08BFD09C00DC78F2 /* LNAboutBoxController.h */ = {isa = PBXFileReference; fileEncoding = 30; lastKnownFileType = sourcecode.c.h; name = LNAboutBoxController.h; path = Source/LNAboutBoxController.h; sourceTree = "<group>"; };
		8B42404008BFD09C00DC78F2 /* WYPreferenceWindow.h */ = {isa = PBXFileReference; fileEncoding = 30; lastKnownFileType = sourcecode.c.h; name = WYPreferenceWindow.h; path = Source/WYPreferenceWindow.h; sourceTree = "<group>"; };
		8B42404108BFD09C00DC78F2 /* WYAlertExtensions.h */ = {isa = PBXFileReference; fileEncoding = 30; lastKnownFileType = sourcecode.c.h; name = WYAlertExtensions.h; path = Source/WYAlertExtensions.h; sourceTree = "<group>"; };
		8B42404508BFD0C700DC78F2 /* AboutBox.nib */ = {isa = PBXFileReference; lastKnownFileType = wrapper.nib; name = AboutBox.nib; path = Source/AboutBox.nib; sourceTree = "<group>"; };
		8B42404608BFD0C700DC78F2 /* LNAboutBoxController.m */ = {isa = PBXFileReference; fileEncoding = 30; lastKnownFileType = sourcecode.c.objc; name = LNAboutBoxController.m; path = Source/LNAboutBoxController.m; sourceTree = "<group>"; };
		8B42404708BFD0C700DC78F2 /* WYPreferenceWindow.m */ = {isa = PBXFileReference; fileEncoding = 30; lastKnownFileType = sourcecode.c.objc; name = WYPreferenceWindow.m; path = Source/WYPreferenceWindow.m; sourceTree = "<group>"; };
		8B42404808BFD0C700DC78F2 /* WYAlertExtensions.m */ = {isa = PBXFileReference; fileEncoding = 30; lastKnownFileType = sourcecode.c.objc; name = WYAlertExtensions.m; path = Source/WYAlertExtensions.m; sourceTree = "<group>"; };
		8B4240A408BFE5CD00DC78F2 /* WYApplicationAdditions.h */ = {isa = PBXFileReference; fileEncoding = 30; lastKnownFileType = sourcecode.c.h; name = WYApplicationAdditions.h; path = Source/WYApplicationAdditions.h; sourceTree = "<group>"; };
		8B4240A608BFE5D600DC78F2 /* WYApplicationAdditions.m */ = {isa = PBXFileReference; fileEncoding = 30; lastKnownFileType = sourcecode.c.objc; name = WYApplicationAdditions.m; path = Source/WYApplicationAdditions.m; sourceTree = "<group>"; };
		8B5CCB730A51DE0C00DC425E /* DMOutlineViewExtensions.h */ = {isa = PBXFileReference; fileEncoding = 30; lastKnownFileType = sourcecode.c.h; name = DMOutlineViewExtensions.h; path = Source/DMOutlineViewExtensions.h; sourceTree = "<group>"; };
		8B5CCB740A51DE0C00DC425E /* DMOutlineViewExtensions.m */ = {isa = PBXFileReference; fileEncoding = 30; lastKnownFileType = sourcecode.c.objc; name = DMOutlineViewExtensions.m; path = Source/DMOutlineViewExtensions.m; sourceTree = "<group>"; };
		8B5CCE220A52DB8D00DC425E /* WYTreeController.h */ = {isa = PBXFileReference; fileEncoding = 4; lastKnownFileType = sourcecode.c.h; name = WYTreeController.h; path = Source/WYTreeController.h; sourceTree = "<group>"; };
		8B5CCE230A52DB8D00DC425E /* WYTreeController.m */ = {isa = PBXFileReference; fileEncoding = 4; lastKnownFileType = sourcecode.c.objc; name = WYTreeController.m; path = Source/WYTreeController.m; sourceTree = "<group>"; };
		8B5CCF630A52F71200DC425E /* WSTreeController.h */ = {isa = PBXFileReference; fileEncoding = 4; lastKnownFileType = sourcecode.c.h; name = WSTreeController.h; path = Source/WSTreeController.h; sourceTree = "<group>"; };
		8B5CCF640A52F71200DC425E /* WSTreeController.m */ = {isa = PBXFileReference; fileEncoding = 4; lastKnownFileType = sourcecode.c.objc; name = WSTreeController.m; path = Source/WSTreeController.m; sourceTree = "<group>"; };
		8B73DA5B0A49F2AF00484717 /* AIGradient.m */ = {isa = PBXFileReference; fileEncoding = 30; lastKnownFileType = sourcecode.c.objc; name = AIGradient.m; path = Source/adium/AIGradient.m; sourceTree = "<group>"; };
		8B73DA5C0A49F2AF00484717 /* AIGradient.h */ = {isa = PBXFileReference; fileEncoding = 30; lastKnownFileType = sourcecode.c.h; name = AIGradient.h; path = Source/adium/AIGradient.h; sourceTree = "<group>"; };
		8B73DA5D0A49F2AF00484717 /* AIGenericViewCell.m */ = {isa = PBXFileReference; fileEncoding = 30; lastKnownFileType = sourcecode.c.objc; name = AIGenericViewCell.m; path = Source/adium/AIGenericViewCell.m; sourceTree = "<group>"; };
		8B73DA5E0A49F2AF00484717 /* AIGenericViewCell.h */ = {isa = PBXFileReference; fileEncoding = 30; lastKnownFileType = sourcecode.c.h; name = AIGenericViewCell.h; path = Source/adium/AIGenericViewCell.h; sourceTree = "<group>"; };
		8B73DA5F0A49F2AF00484717 /* AIGradientCell.h */ = {isa = PBXFileReference; fileEncoding = 30; lastKnownFileType = sourcecode.c.h; name = AIGradientCell.h; path = Source/adium/AIGradientCell.h; sourceTree = "<group>"; };
		8B73DA600A49F2AF00484717 /* AIGradientCell.m */ = {isa = PBXFileReference; fileEncoding = 30; lastKnownFileType = sourcecode.c.objc; name = AIGradientCell.m; path = Source/adium/AIGradientCell.m; sourceTree = "<group>"; };
		8B73DA610A49F2AF00484717 /* AIGradientImageCell.h */ = {isa = PBXFileReference; fileEncoding = 30; lastKnownFileType = sourcecode.c.h; name = AIGradientImageCell.h; path = Source/adium/AIGradientImageCell.h; sourceTree = "<group>"; };
		8B73DA620A49F2AF00484717 /* AIGradientImageCell.m */ = {isa = PBXFileReference; fileEncoding = 30; lastKnownFileType = sourcecode.c.objc; name = AIGradientImageCell.m; path = Source/adium/AIGradientImageCell.m; sourceTree = "<group>"; };
		8B73DA630A49F2AF00484717 /* AIFunctions.h */ = {isa = PBXFileReference; fileEncoding = 30; lastKnownFileType = sourcecode.c.h; name = AIFunctions.h; path = Source/adium/AIFunctions.h; sourceTree = "<group>"; };
		8B73DA640A49F2AF00484717 /* AIFunctions.m */ = {isa = PBXFileReference; fileEncoding = 30; lastKnownFileType = sourcecode.c.objc; name = AIFunctions.m; path = Source/adium/AIFunctions.m; sourceTree = "<group>"; };
		8B73DA650A49F2AF00484717 /* AIFontManagerAdditions.h */ = {isa = PBXFileReference; fileEncoding = 30; lastKnownFileType = sourcecode.c.h; name = AIFontManagerAdditions.h; path = Source/adium/AIFontManagerAdditions.h; sourceTree = "<group>"; };
		8B73DA660A49F2AF00484717 /* AIFontManagerAdditions.m */ = {isa = PBXFileReference; fileEncoding = 30; lastKnownFileType = sourcecode.c.objc; name = AIFontManagerAdditions.m; path = Source/adium/AIFontManagerAdditions.m; sourceTree = "<group>"; };
		8B73DA670A49F2AF00484717 /* AIApplicationAdditions.h */ = {isa = PBXFileReference; fileEncoding = 30; lastKnownFileType = sourcecode.c.h; name = AIApplicationAdditions.h; path = Source/adium/AIApplicationAdditions.h; sourceTree = "<group>"; };
		8B73DA680A49F2AF00484717 /* AIApplicationAdditions.m */ = {isa = PBXFileReference; fileEncoding = 30; lastKnownFileType = sourcecode.c.objc; name = AIApplicationAdditions.m; path = Source/adium/AIApplicationAdditions.m; sourceTree = "<group>"; };
		8B73DA690A49F2AF00484717 /* AIScannerAdditions.h */ = {isa = PBXFileReference; fileEncoding = 30; lastKnownFileType = sourcecode.c.h; name = AIScannerAdditions.h; path = Source/adium/AIScannerAdditions.h; sourceTree = "<group>"; };
		8B73DA6A0A49F2AF00484717 /* AIScannerAdditions.m */ = {isa = PBXFileReference; fileEncoding = 30; lastKnownFileType = sourcecode.c.objc; name = AIScannerAdditions.m; path = Source/adium/AIScannerAdditions.m; sourceTree = "<group>"; };
		8B73DA6B0A49F2AF00484717 /* AIStringAdditions.m */ = {isa = PBXFileReference; fileEncoding = 30; lastKnownFileType = sourcecode.c.objc; name = AIStringAdditions.m; path = Source/adium/AIStringAdditions.m; sourceTree = "<group>"; };
		8B73DA6C0A49F2AF00484717 /* AIStringAdditions.h */ = {isa = PBXFileReference; fileEncoding = 30; lastKnownFileType = sourcecode.c.h; name = AIStringAdditions.h; path = Source/adium/AIStringAdditions.h; sourceTree = "<group>"; };
		8B73DA6D0A49F2AF00484717 /* AIStringUtilities.h */ = {isa = PBXFileReference; fileEncoding = 30; lastKnownFileType = sourcecode.c.h; name = AIStringUtilities.h; path = Source/adium/AIStringUtilities.h; sourceTree = "<group>"; };
		8B73DA6E0A49F2AF00484717 /* AIScaledImageCell.h */ = {isa = PBXFileReference; fileEncoding = 30; lastKnownFileType = sourcecode.c.h; name = AIScaledImageCell.h; path = Source/adium/AIScaledImageCell.h; sourceTree = "<group>"; };
		8B73DA6F0A49F2AF00484717 /* AIScaledImageCell.m */ = {isa = PBXFileReference; fileEncoding = 30; lastKnownFileType = sourcecode.c.objc; name = AIScaledImageCell.m; path = Source/adium/AIScaledImageCell.m; sourceTree = "<group>"; };
		8B73DA700A49F2AF00484717 /* AIVerticallyCenteredTextCell.h */ = {isa = PBXFileReference; fileEncoding = 30; lastKnownFileType = sourcecode.c.h; name = AIVerticallyCenteredTextCell.h; path = Source/adium/AIVerticallyCenteredTextCell.h; sourceTree = "<group>"; };
		8B73DA710A49F2AF00484717 /* AIVerticallyCenteredTextCell.m */ = {isa = PBXFileReference; fileEncoding = 30; lastKnownFileType = sourcecode.c.objc; name = AIVerticallyCenteredTextCell.m; path = Source/adium/AIVerticallyCenteredTextCell.m; sourceTree = "<group>"; };
		8B73DA720A49F2AF00484717 /* AITextAttributes.h */ = {isa = PBXFileReference; fileEncoding = 30; lastKnownFileType = sourcecode.c.h; name = AITextAttributes.h; path = Source/adium/AITextAttributes.h; sourceTree = "<group>"; };
		8B73DA730A49F2AF00484717 /* AITextAttributes.m */ = {isa = PBXFileReference; fileEncoding = 30; lastKnownFileType = sourcecode.c.objc; name = AITextAttributes.m; path = Source/adium/AITextAttributes.m; sourceTree = "<group>"; };
		8B73DA740A49F2AF00484717 /* AIParagraphStyleAdditions.m */ = {isa = PBXFileReference; fileEncoding = 30; lastKnownFileType = sourcecode.c.objc; name = AIParagraphStyleAdditions.m; path = Source/adium/AIParagraphStyleAdditions.m; sourceTree = "<group>"; };
		8B73DA750A49F2AF00484717 /* AIParagraphStyleAdditions.h */ = {isa = PBXFileReference; fileEncoding = 30; lastKnownFileType = sourcecode.c.h; name = AIParagraphStyleAdditions.h; path = Source/adium/AIParagraphStyleAdditions.h; sourceTree = "<group>"; };
		8B73DA760A49F2AF00484717 /* AIImageTextCell.h */ = {isa = PBXFileReference; fileEncoding = 30; lastKnownFileType = sourcecode.c.h; name = AIImageTextCell.h; path = Source/adium/AIImageTextCell.h; sourceTree = "<group>"; };
		8B73DA770A49F2AF00484717 /* AIImageTextCell.m */ = {isa = PBXFileReference; fileEncoding = 30; lastKnownFileType = sourcecode.c.objc; name = AIImageTextCell.m; path = Source/adium/AIImageTextCell.m; sourceTree = "<group>"; };
		8B73DA780A49F2AF00484717 /* AIColorAdditions.m */ = {isa = PBXFileReference; fileEncoding = 30; lastKnownFileType = sourcecode.c.objc; name = AIColorAdditions.m; path = Source/adium/AIColorAdditions.m; sourceTree = "<group>"; };
		8B73DA790A49F2AF00484717 /* AIColorAdditions.h */ = {isa = PBXFileReference; fileEncoding = 30; lastKnownFileType = sourcecode.c.h; name = AIColorAdditions.h; path = Source/adium/AIColorAdditions.h; sourceTree = "<group>"; };
		8B73DA7A0A49F2AF00484717 /* AIContextImageBridge.m */ = {isa = PBXFileReference; fileEncoding = 30; lastKnownFileType = sourcecode.c.objc; name = AIContextImageBridge.m; path = Source/adium/AIContextImageBridge.m; sourceTree = "<group>"; };
		8B73DA7B0A49F2AF00484717 /* AIContextImageBridge.h */ = {isa = PBXFileReference; fileEncoding = 30; lastKnownFileType = sourcecode.c.h; name = AIContextImageBridge.h; path = Source/adium/AIContextImageBridge.h; sourceTree = "<group>"; };
		8B73DA7C0A49F2AF00484717 /* AIBezierPathAdditions.m */ = {isa = PBXFileReference; fileEncoding = 30; lastKnownFileType = sourcecode.c.objc; name = AIBezierPathAdditions.m; path = Source/adium/AIBezierPathAdditions.m; sourceTree = "<group>"; };
		8B73DA7D0A49F2AF00484717 /* AIBezierPathAdditions.h */ = {isa = PBXFileReference; fileEncoding = 30; lastKnownFileType = sourcecode.c.h; name = AIBezierPathAdditions.h; path = Source/adium/AIBezierPathAdditions.h; sourceTree = "<group>"; };
		8B73DA7E0A49F2AF00484717 /* AIAttributedStringAdditions.m */ = {isa = PBXFileReference; fileEncoding = 30; lastKnownFileType = sourcecode.c.objc; name = AIAttributedStringAdditions.m; path = Source/adium/AIAttributedStringAdditions.m; sourceTree = "<group>"; };
		8B73DA7F0A49F2AF00484717 /* AIAttributedStringAdditions.h */ = {isa = PBXFileReference; fileEncoding = 30; lastKnownFileType = sourcecode.c.h; name = AIAttributedStringAdditions.h; path = Source/adium/AIAttributedStringAdditions.h; sourceTree = "<group>"; };
		8B73DA800A49F2AF00484717 /* AIExceptionHandlingUtilities.h */ = {isa = PBXFileReference; fileEncoding = 30; lastKnownFileType = sourcecode.c.h; name = AIExceptionHandlingUtilities.h; path = Source/adium/AIExceptionHandlingUtilities.h; sourceTree = "<group>"; };
		8B73DB080A49F7DF00484717 /* Carbon.framework */ = {isa = PBXFileReference; lastKnownFileType = wrapper.framework; name = Carbon.framework; path = /System/Library/Frameworks/Carbon.framework; sourceTree = "<absolute>"; };
		8B9891A40A5EAAC500F73045 /* WYPreferenceView.h */ = {isa = PBXFileReference; fileEncoding = 4; lastKnownFileType = sourcecode.c.h; name = WYPreferenceView.h; path = Source/WYPreferenceView.h; sourceTree = "<group>"; };
		8B9892250A5EAFC500F73045 /* WYArrayExtensions.h */ = {isa = PBXFileReference; fileEncoding = 4; lastKnownFileType = sourcecode.c.h; name = WYArrayExtensions.h; path = Source/WYArrayExtensions.h; sourceTree = "<group>"; };
		8B9892260A5EAFC500F73045 /* WYArrayExtensions.m */ = {isa = PBXFileReference; fileEncoding = 4; lastKnownFileType = sourcecode.c.objc; name = WYArrayExtensions.m; path = Source/WYArrayExtensions.m; sourceTree = "<group>"; };
		8BCEA2220A4B76F300C333B6 /* WYCalendarDayCell.h */ = {isa = PBXFileReference; fileEncoding = 4; lastKnownFileType = sourcecode.c.h; path = WYCalendarDayCell.h; sourceTree = "<group>"; };
		8BCEA2230A4B76F300C333B6 /* WYCalendarDayCell.m */ = {isa = PBXFileReference; fileEncoding = 4; lastKnownFileType = sourcecode.c.objc; path = WYCalendarDayCell.m; sourceTree = "<group>"; };
		8BD6237008B96CB7002E8C79 /* WYAppFramework.h */ = {isa = PBXFileReference; fileEncoding = 30; lastKnownFileType = sourcecode.c.h; name = WYAppFramework.h; path = Source/WYAppFramework.h; sourceTree = "<group>"; };
		8BD6237108B96CB7002E8C79 /* WYBackgroundView.h */ = {isa = PBXFileReference; fileEncoding = 30; lastKnownFileType = sourcecode.c.h; name = WYBackgroundView.h; path = Source/WYBackgroundView.h; sourceTree = "<group>"; };
		8BD6237208B96CB7002E8C79 /* WYImageTextCell.h */ = {isa = PBXFileReference; fileEncoding = 30; lastKnownFileType = sourcecode.c.h; name = WYImageTextCell.h; path = Source/WYImageTextCell.h; sourceTree = "<group>"; };
		8BD6237308B96CB7002E8C79 /* WYMetalBorderCell.h */ = {isa = PBXFileReference; fileEncoding = 30; lastKnownFileType = sourcecode.c.h; name = WYMetalBorderCell.h; path = Source/WYMetalBorderCell.h; sourceTree = "<group>"; };
		8BD6237408B96CB7002E8C79 /* WYMetalBorderView.h */ = {isa = PBXFileReference; fileEncoding = 30; lastKnownFileType = sourcecode.c.h; name = WYMetalBorderView.h; path = Source/WYMetalBorderView.h; sourceTree = "<group>"; };
		8BD6237708B96CB7002E8C79 /* WYMetalImageCell.h */ = {isa = PBXFileReference; fileEncoding = 30; lastKnownFileType = sourcecode.c.h; name = WYMetalImageCell.h; path = Source/WYMetalImageCell.h; sourceTree = "<group>"; };
		8BD6237808B96CB7002E8C79 /* WYMetalSlider.h */ = {isa = PBXFileReference; fileEncoding = 30; lastKnownFileType = sourcecode.c.h; name = WYMetalSlider.h; path = Source/WYMetalSlider.h; sourceTree = "<group>"; };
		8BD6237908B96CB7002E8C79 /* WYMetalSliderCell.h */ = {isa = PBXFileReference; fileEncoding = 30; lastKnownFileType = sourcecode.c.h; name = WYMetalSliderCell.h; path = Source/WYMetalSliderCell.h; sourceTree = "<group>"; };
		8BD6237A08B96CB7002E8C79 /* WYMetalTableCornerView.h */ = {isa = PBXFileReference; fileEncoding = 30; lastKnownFileType = sourcecode.c.h; name = WYMetalTableCornerView.h; path = Source/WYMetalTableCornerView.h; sourceTree = "<group>"; };
		8BD6237E08B96CB7002E8C79 /* WYOvalActionCell.h */ = {isa = PBXFileReference; fileEncoding = 30; lastKnownFileType = sourcecode.c.h; name = WYOvalActionCell.h; path = Source/WYOvalActionCell.h; sourceTree = "<group>"; };
		8BD6237F08B96CB7002E8C79 /* WYOvalTextFieldCell.h */ = {isa = PBXFileReference; fileEncoding = 30; lastKnownFileType = sourcecode.c.h; name = WYOvalTextFieldCell.h; path = Source/WYOvalTextFieldCell.h; sourceTree = "<group>"; };
		8BD6238108B96CB7002E8C79 /* WYCalendarMatrix.h */ = {isa = PBXFileReference; fileEncoding = 30; lastKnownFileType = sourcecode.c.h; path = WYCalendarMatrix.h; sourceTree = "<group>"; };
		8BD6238208B96CB7002E8C79 /* WYCalendarMatrix.m */ = {isa = PBXFileReference; fileEncoding = 30; lastKnownFileType = sourcecode.c.objc; path = WYCalendarMatrix.m; sourceTree = "<group>"; };
		8BD6238308B96CB7002E8C79 /* WYCalendarPopUpButton.h */ = {isa = PBXFileReference; fileEncoding = 30; lastKnownFileType = sourcecode.c.h; path = WYCalendarPopUpButton.h; sourceTree = "<group>"; };
		8BD6238408B96CB7002E8C79 /* WYCalendarPopUpButton.m */ = {isa = PBXFileReference; fileEncoding = 30; lastKnownFileType = sourcecode.c.objc; path = WYCalendarPopUpButton.m; sourceTree = "<group>"; };
		8BD6238508B96CB7002E8C79 /* WYCalendarPopupButtonWindow.h */ = {isa = PBXFileReference; fileEncoding = 30; lastKnownFileType = sourcecode.c.h; path = WYCalendarPopupButtonWindow.h; sourceTree = "<group>"; };
		8BD6238608B96CB7002E8C79 /* WYCalendarPopupButtonWindow.m */ = {isa = PBXFileReference; fileEncoding = 30; lastKnownFileType = sourcecode.c.objc; path = WYCalendarPopupButtonWindow.m; sourceTree = "<group>"; };
		8BD6238708B96CB7002E8C79 /* WYCalendarView.h */ = {isa = PBXFileReference; fileEncoding = 30; lastKnownFileType = sourcecode.c.h; path = WYCalendarView.h; sourceTree = "<group>"; };
		8BD6238808B96CB7002E8C79 /* WYCalendarView.m */ = {isa = PBXFileReference; fileEncoding = 30; lastKnownFileType = sourcecode.c.objc; path = WYCalendarView.m; sourceTree = "<group>"; };
		8BD6238908B96CB7002E8C79 /* WYNeverEnabledActionCell.h */ = {isa = PBXFileReference; fileEncoding = 30; lastKnownFileType = sourcecode.c.h; path = WYNeverEnabledActionCell.h; sourceTree = "<group>"; };
		8BD6238A08B96CB7002E8C79 /* WYNeverEnabledActionCell.m */ = {isa = PBXFileReference; fileEncoding = 30; lastKnownFileType = sourcecode.c.objc; path = WYNeverEnabledActionCell.m; sourceTree = "<group>"; };
		8BD6238B08B96CB7002E8C79 /* WYBackgroundView.m */ = {isa = PBXFileReference; fileEncoding = 30; lastKnownFileType = sourcecode.c.objc; name = WYBackgroundView.m; path = Source/WYBackgroundView.m; sourceTree = "<group>"; };
		8BD6238C08B96CB7002E8C79 /* WYImageTextCell.m */ = {isa = PBXFileReference; fileEncoding = 30; lastKnownFileType = sourcecode.c.objc; name = WYImageTextCell.m; path = Source/WYImageTextCell.m; sourceTree = "<group>"; };
		8BD6238D08B96CB7002E8C79 /* WYMetalBorderCell.m */ = {isa = PBXFileReference; fileEncoding = 30; lastKnownFileType = sourcecode.c.objc; name = WYMetalBorderCell.m; path = Source/WYMetalBorderCell.m; sourceTree = "<group>"; };
		8BD6238E08B96CB7002E8C79 /* WYMetalBorderView.m */ = {isa = PBXFileReference; fileEncoding = 30; lastKnownFileType = sourcecode.c.objc; name = WYMetalBorderView.m; path = Source/WYMetalBorderView.m; sourceTree = "<group>"; };
		8BD6239108B96CB7002E8C79 /* WYMetalImageCell.m */ = {isa = PBXFileReference; fileEncoding = 30; lastKnownFileType = sourcecode.c.objc; name = WYMetalImageCell.m; path = Source/WYMetalImageCell.m; sourceTree = "<group>"; };
		8BD6239208B96CB7002E8C79 /* WYMetalSlider.m */ = {isa = PBXFileReference; fileEncoding = 30; lastKnownFileType = sourcecode.c.objc; name = WYMetalSlider.m; path = Source/WYMetalSlider.m; sourceTree = "<group>"; };
		8BD6239308B96CB7002E8C79 /* WYMetalSliderCell.m */ = {isa = PBXFileReference; fileEncoding = 30; lastKnownFileType = sourcecode.c.objc; name = WYMetalSliderCell.m; path = Source/WYMetalSliderCell.m; sourceTree = "<group>"; };
		8BD6239408B96CB7002E8C79 /* WYMetalTableCornerView.m */ = {isa = PBXFileReference; fileEncoding = 30; lastKnownFileType = sourcecode.c.objc; name = WYMetalTableCornerView.m; path = Source/WYMetalTableCornerView.m; sourceTree = "<group>"; };
		8BD6239808B96CB7002E8C79 /* WYOvalActionCell.m */ = {isa = PBXFileReference; fileEncoding = 30; lastKnownFileType = sourcecode.c.objc; name = WYOvalActionCell.m; path = Source/WYOvalActionCell.m; sourceTree = "<group>"; };
		8BD6239908B96CB7002E8C79 /* WYOvalTextFieldCell.m */ = {isa = PBXFileReference; fileEncoding = 30; lastKnownFileType = sourcecode.c.objc; name = WYOvalTextFieldCell.m; path = Source/WYOvalTextFieldCell.m; sourceTree = "<group>"; };
		8BD623C608B96CE0002E8C79 /* current.png */ = {isa = PBXFileReference; lastKnownFileType = image.png; path = current.png; sourceTree = "<group>"; };
		8BD623C708B96CE0002E8C79 /* current_active.png */ = {isa = PBXFileReference; lastKnownFileType = image.png; path = current_active.png; sourceTree = "<group>"; };
		8BD623C808B96CE0002E8C79 /* left.png */ = {isa = PBXFileReference; lastKnownFileType = image.png; path = left.png; sourceTree = "<group>"; };
		8BD623C908B96CE0002E8C79 /* left_active.png */ = {isa = PBXFileReference; lastKnownFileType = image.png; path = left_active.png; sourceTree = "<group>"; };
		8BD623CA08B96CE0002E8C79 /* right.png */ = {isa = PBXFileReference; lastKnownFileType = image.png; path = right.png; sourceTree = "<group>"; };
		8BD623CB08B96CE0002E8C79 /* right_active.png */ = {isa = PBXFileReference; lastKnownFileType = image.png; path = right_active.png; sourceTree = "<group>"; };
		8BD623D208B96CF4002E8C79 /* Info.plist */ = {isa = PBXFileReference; fileEncoding = 30; lastKnownFileType = text.xml; name = Info.plist; path = "Other Sources/Info.plist"; sourceTree = "<group>"; };
		8BD623D508B96D18002E8C79 /* English */ = {isa = PBXFileReference; fileEncoding = 10; lastKnownFileType = text.plist.strings; name = English; path = Resources/English.lproj/InfoPlist.strings; sourceTree = "<group>"; };
		8DC2EF5B0486A6940098B216 /* WYAppFramework.framework */ = {isa = PBXFileReference; explicitFileType = wrapper.framework; includeInIndex = 0; path = WYAppFramework.framework; sourceTree = BUILT_PRODUCTS_DIR; };
		D2F7E79907B2D74100F64583 /* CoreData.framework */ = {isa = PBXFileReference; lastKnownFileType = wrapper.framework; name = CoreData.framework; path = /System/Library/Frameworks/CoreData.framework; sourceTree = "<absolute>"; };
/* End PBXFileReference section */

/* Begin PBXFrameworksBuildPhase section */
		8DC2EF560486A6940098B216 /* Frameworks */ = {
			isa = PBXFrameworksBuildPhase;
			buildActionMask = 2147483647;
			files = (
				8DC2EF570486A6940098B216 /* Cocoa.framework in Frameworks */,
				8B73DB090A49F7DF00484717 /* Carbon.framework in Frameworks */,
			);
			runOnlyForDeploymentPostprocessing = 0;
		};
/* End PBXFrameworksBuildPhase section */

/* Begin PBXGroup section */
		034768DFFF38A50411DB9C8B /* Products */ = {
			isa = PBXGroup;
			children = (
				8DC2EF5B0486A6940098B216 /* WYAppFramework.framework */,
			);
			name = Products;
			sourceTree = "<group>";
		};
		0867D691FE84028FC02AAC07 /* WYAppFramework */ = {
			isa = PBXGroup;
			children = (
				8BD6236D08B96CAA002E8C79 /* Classes */,
				32C88DFF0371C24200C91783 /* Other Sources */,
				089C1665FE841158C02AAC07 /* Resources */,
				0867D69AFE84028FC02AAC07 /* External Frameworks and Libraries */,
				034768DFFF38A50411DB9C8B /* Products */,
			);
			name = WYAppFramework;
			sourceTree = "<group>";
		};
		0867D69AFE84028FC02AAC07 /* External Frameworks and Libraries */ = {
			isa = PBXGroup;
			children = (
				1058C7B0FEA5585E11CA2CBB /* Linked Frameworks */,
				1058C7B2FEA5585E11CA2CBB /* Other Frameworks */,
			);
			name = "External Frameworks and Libraries";
			sourceTree = "<group>";
		};
		089C1665FE841158C02AAC07 /* Resources */ = {
			isa = PBXGroup;
			children = (
				8BD623C508B96CE0002E8C79 /* Calendar View */,
				8BD623D208B96CF4002E8C79 /* Info.plist */,
				8BD623D908B96D26002E8C79 /* InfoPlist.strings */,
			);
			name = Resources;
			sourceTree = "<group>";
		};
		1058C7B0FEA5585E11CA2CBB /* Linked Frameworks */ = {
			isa = PBXGroup;
			children = (
				1058C7B1FEA5585E11CA2CBB /* Cocoa.framework */,
				8B73DB080A49F7DF00484717 /* Carbon.framework */,
			);
			name = "Linked Frameworks";
			sourceTree = "<group>";
		};
		1058C7B2FEA5585E11CA2CBB /* Other Frameworks */ = {
			isa = PBXGroup;
			children = (
				0867D6A5FE840307C02AAC07 /* AppKit.framework */,
				D2F7E79907B2D74100F64583 /* CoreData.framework */,
				0867D69BFE84028FC02AAC07 /* Foundation.framework */,
			);
			name = "Other Frameworks";
			sourceTree = "<group>";
		};
		32C88DFF0371C24200C91783 /* Other Sources */ = {
			isa = PBXGroup;
			children = (
				32DBCF5E0370ADEE00C91783 /* WYAppFramework_Prefix.pch */,
			);
			name = "Other Sources";
			sourceTree = "<group>";
		};
		8B42386008BA865300DC78F2 /* Metal Table */ = {
			isa = PBXGroup;
			children = (
				8B423C0608BC017100DC78F2 /* WYMetalDarkTableHeaderView.h */,
				8B423C0708BC017100DC78F2 /* WYMetalDarkTableHeaderView.m */,
				8BD6237A08B96CB7002E8C79 /* WYMetalTableCornerView.h */,
				8BD6239408B96CB7002E8C79 /* WYMetalTableCornerView.m */,
				8B4239B008BA97D700DC78F2 /* WYMetalTableHeaderCell.h */,
				8B4239B108BA97D700DC78F2 /* WYMetalTableHeaderCell.m */,
			);
			name = "Metal Table";
			sourceTree = "<group>";
		};
		8B5CD3D10A533C0000DC425E /* Calendar View */ = {
			isa = PBXGroup;
			children = (
				8BD6238108B96CB7002E8C79 /* WYCalendarMatrix.h */,
				8BD6238208B96CB7002E8C79 /* WYCalendarMatrix.m */,
				8BD6238708B96CB7002E8C79 /* WYCalendarView.h */,
				8BD6238808B96CB7002E8C79 /* WYCalendarView.m */,
				8BD6238908B96CB7002E8C79 /* WYNeverEnabledActionCell.h */,
				8BD6238A08B96CB7002E8C79 /* WYNeverEnabledActionCell.m */,
				8BCEA2220A4B76F300C333B6 /* WYCalendarDayCell.h */,
				8BCEA2230A4B76F300C333B6 /* WYCalendarDayCell.m */,
			);
			name = "Calendar View";
			path = "Source/Calendar View";
			sourceTree = "<group>";
		};
		8B63F30F0A4B041000057D0D /* Disabled */ = {
			isa = PBXGroup;
			children = (
				8B5CD3D10A533C0000DC425E /* Calendar View */,
				8B5CCE220A52DB8D00DC425E /* WYTreeController.h */,
				8B5CCE230A52DB8D00DC425E /* WYTreeController.m */,
				8B5CCF630A52F71200DC425E /* WSTreeController.h */,
				8B5CCF640A52F71200DC425E /* WSTreeController.m */,
				8B5CCB730A51DE0C00DC425E /* DMOutlineViewExtensions.h */,
				8B5CCB740A51DE0C00DC425E /* DMOutlineViewExtensions.m */,
				8B423E5108BD2D0900DC78F2 /* WYTwoItemSplitView.h */,
				8B423E5208BD2D0900DC78F2 /* WYTwoItemSplitView.m */,
				8BD6237108B96CB7002E8C79 /* WYBackgroundView.h */,
				8BD6238B08B96CB7002E8C79 /* WYBackgroundView.m */,
				8BD6237208B96CB7002E8C79 /* WYImageTextCell.h */,
				8BD6238C08B96CB7002E8C79 /* WYImageTextCell.m */,
				8BD6237308B96CB7002E8C79 /* WYMetalBorderCell.h */,
				8BD6238D08B96CB7002E8C79 /* WYMetalBorderCell.m */,
				8B423C9808BC072F00DC78F2 /* WYMetalBorderHeaderCell.h */,
				8B423C9908BC072F00DC78F2 /* WYMetalBorderHeaderCell.m */,
				8B423C5D08BC04D600DC78F2 /* WYMetalBorderHeaderView.h */,
				8B423C5E08BC04D600DC78F2 /* WYMetalBorderHeaderView.m */,
				8B423DA008BC113C00DC78F2 /* WYScrollView.h */,
				8B423DA108BC113C00DC78F2 /* WYScrollView.m */,
				8BD6237408B96CB7002E8C79 /* WYMetalBorderView.h */,
				8BD6238E08B96CB7002E8C79 /* WYMetalBorderView.m */,
				8BD6237708B96CB7002E8C79 /* WYMetalImageCell.h */,
				8BD6239108B96CB7002E8C79 /* WYMetalImageCell.m */,
				8BD6237808B96CB7002E8C79 /* WYMetalSlider.h */,
				8BD6239208B96CB7002E8C79 /* WYMetalSlider.m */,
				8BD6237908B96CB7002E8C79 /* WYMetalSliderCell.h */,
				8BD6239308B96CB7002E8C79 /* WYMetalSliderCell.m */,
				8B42386008BA865300DC78F2 /* Metal Table */,
			);
			name = Disabled;
			sourceTree = "<group>";
		};
		8B73DA560A49F11600484717 /* AI */ = {
			isa = PBXGroup;
			children = (
				8B73DA5B0A49F2AF00484717 /* AIGradient.m */,
				8B73DA5C0A49F2AF00484717 /* AIGradient.h */,
				8B73DA5D0A49F2AF00484717 /* AIGenericViewCell.m */,
				8B73DA5E0A49F2AF00484717 /* AIGenericViewCell.h */,
				8B73DA5F0A49F2AF00484717 /* AIGradientCell.h */,
				8B73DA600A49F2AF00484717 /* AIGradientCell.m */,
				8B73DA610A49F2AF00484717 /* AIGradientImageCell.h */,
				8B73DA620A49F2AF00484717 /* AIGradientImageCell.m */,
				8B73DA630A49F2AF00484717 /* AIFunctions.h */,
				8B73DA640A49F2AF00484717 /* AIFunctions.m */,
				8B73DA650A49F2AF00484717 /* AIFontManagerAdditions.h */,
				8B73DA660A49F2AF00484717 /* AIFontManagerAdditions.m */,
				8B73DA670A49F2AF00484717 /* AIApplicationAdditions.h */,
				8B73DA680A49F2AF00484717 /* AIApplicationAdditions.m */,
				8B73DA690A49F2AF00484717 /* AIScannerAdditions.h */,
				8B73DA6A0A49F2AF00484717 /* AIScannerAdditions.m */,
				8B73DA6B0A49F2AF00484717 /* AIStringAdditions.m */,
				8B73DA6C0A49F2AF00484717 /* AIStringAdditions.h */,
				8B73DA6D0A49F2AF00484717 /* AIStringUtilities.h */,
				8B73DA6E0A49F2AF00484717 /* AIScaledImageCell.h */,
				8B73DA6F0A49F2AF00484717 /* AIScaledImageCell.m */,
				8B73DA700A49F2AF00484717 /* AIVerticallyCenteredTextCell.h */,
				8B73DA710A49F2AF00484717 /* AIVerticallyCenteredTextCell.m */,
				8B73DA720A49F2AF00484717 /* AITextAttributes.h */,
				8B73DA730A49F2AF00484717 /* AITextAttributes.m */,
				8B73DA740A49F2AF00484717 /* AIParagraphStyleAdditions.m */,
				8B73DA750A49F2AF00484717 /* AIParagraphStyleAdditions.h */,
				8B73DA760A49F2AF00484717 /* AIImageTextCell.h */,
				8B73DA770A49F2AF00484717 /* AIImageTextCell.m */,
				8B73DA780A49F2AF00484717 /* AIColorAdditions.m */,
				8B73DA790A49F2AF00484717 /* AIColorAdditions.h */,
				8B73DA7A0A49F2AF00484717 /* AIContextImageBridge.m */,
				8B73DA7B0A49F2AF00484717 /* AIContextImageBridge.h */,
				8B73DA7C0A49F2AF00484717 /* AIBezierPathAdditions.m */,
				8B73DA7D0A49F2AF00484717 /* AIBezierPathAdditions.h */,
				8B73DA7E0A49F2AF00484717 /* AIAttributedStringAdditions.m */,
				8B73DA7F0A49F2AF00484717 /* AIAttributedStringAdditions.h */,
				8B73DA800A49F2AF00484717 /* AIExceptionHandlingUtilities.h */,
			);
			name = AI;
			sourceTree = "<group>";
		};
		8BD6236D08B96CAA002E8C79 /* Classes */ = {
			isa = PBXGroup;
			children = (
				8B73DA560A49F11600484717 /* AI */,
				8BD6237008B96CB7002E8C79 /* WYAppFramework.h */,
				8B4240A408BFE5CD00DC78F2 /* WYApplicationAdditions.h */,
				8B4240A608BFE5D600DC78F2 /* WYApplicationAdditions.m */,
				8B05AB150A43559400147648 /* KFSplitView.h */,
				8B05AB160A43559400147648 /* KFSplitView.m */,
				8BD6238008B96CB7002E8C79 /* Calendar View */,
				8BD6237E08B96CB7002E8C79 /* WYOvalActionCell.h */,
				8BD6239808B96CB7002E8C79 /* WYOvalActionCell.m */,
				8BD6237F08B96CB7002E8C79 /* WYOvalTextFieldCell.h */,
				8BD6239908B96CB7002E8C79 /* WYOvalTextFieldCell.m */,
				8B42376108BA723E00DC78F2 /* WYTableView.h */,
				8B42375F08BA723500DC78F2 /* WYTableView.m */,
				8B42403F08BFD09C00DC78F2 /* LNAboutBoxController.h */,
				8B42404608BFD0C700DC78F2 /* LNAboutBoxController.m */,
				8B42404508BFD0C700DC78F2 /* AboutBox.nib */,
				8B42404008BFD09C00DC78F2 /* WYPreferenceWindow.h */,
				8B42404708BFD0C700DC78F2 /* WYPreferenceWindow.m */,
				8B42404108BFD09C00DC78F2 /* WYAlertExtensions.h */,
				8B42404808BFD0C700DC78F2 /* WYAlertExtensions.m */,
				8B63F30F0A4B041000057D0D /* Disabled */,
				8B9891A40A5EAAC500F73045 /* WYPreferenceView.h */,
				8B9892250A5EAFC500F73045 /* WYArrayExtensions.h */,
				8B9892260A5EAFC500F73045 /* WYArrayExtensions.m */,
			);
			name = Classes;
			sourceTree = "<group>";
		};
		8BD6238008B96CB7002E8C79 /* Calendar View */ = {
			isa = PBXGroup;
			children = (
				8BD6238308B96CB7002E8C79 /* WYCalendarPopUpButton.h */,
				8BD6238408B96CB7002E8C79 /* WYCalendarPopUpButton.m */,
				8BD6238508B96CB7002E8C79 /* WYCalendarPopupButtonWindow.h */,
				8BD6238608B96CB7002E8C79 /* WYCalendarPopupButtonWindow.m */,
			);
			name = "Calendar View";
			path = "Source/Calendar View";
			sourceTree = "<group>";
		};
		8BD623C508B96CE0002E8C79 /* Calendar View */ = {
			isa = PBXGroup;
			children = (
				8BD623C608B96CE0002E8C79 /* current.png */,
				8BD623C708B96CE0002E8C79 /* current_active.png */,
				8BD623C808B96CE0002E8C79 /* left.png */,
				8BD623C908B96CE0002E8C79 /* left_active.png */,
				8BD623CA08B96CE0002E8C79 /* right.png */,
				8BD623CB08B96CE0002E8C79 /* right_active.png */,
			);
			name = "Calendar View";
			path = "Resources/Calendar View";
			sourceTree = "<group>";
		};
/* End PBXGroup section */

/* Begin PBXHeadersBuildPhase section */
		8DC2EF500486A6940098B216 /* Headers */ = {
			isa = PBXHeadersBuildPhase;
			buildActionMask = 2147483647;
			files = (
				8BD6239A08B96CB7002E8C79 /* WYAppFramework.h in Headers */,
				8BD623A808B96CB7002E8C79 /* WYOvalActionCell.h in Headers */,
				8BD623A908B96CB7002E8C79 /* WYOvalTextFieldCell.h in Headers */,
				8B42376208BA723E00DC78F2 /* WYTableView.h in Headers */,
				8B42404208BFD09C00DC78F2 /* LNAboutBoxController.h in Headers */,
				8B42404308BFD09C00DC78F2 /* WYPreferenceWindow.h in Headers */,
				8B42404408BFD09C00DC78F2 /* WYAlertExtensions.h in Headers */,
				8B4240A508BFE5CD00DC78F2 /* WYApplicationAdditions.h in Headers */,
				8B05AB170A43559400147648 /* KFSplitView.h in Headers */,
				8B73DA820A49F2AF00484717 /* AIGradient.h in Headers */,
				8B73DA840A49F2AF00484717 /* AIGenericViewCell.h in Headers */,
				8B73DA850A49F2AF00484717 /* AIGradientCell.h in Headers */,
				8B73DA870A49F2AF00484717 /* AIGradientImageCell.h in Headers */,
				8B73DA890A49F2AF00484717 /* AIFunctions.h in Headers */,
				8B73DA8B0A49F2AF00484717 /* AIFontManagerAdditions.h in Headers */,
				8B73DA8D0A49F2AF00484717 /* AIApplicationAdditions.h in Headers */,
				8B73DA8F0A49F2AF00484717 /* AIScannerAdditions.h in Headers */,
				8B73DA920A49F2AF00484717 /* AIStringAdditions.h in Headers */,
				8B73DA930A49F2AF00484717 /* AIStringUtilities.h in Headers */,
				8B73DA940A49F2AF00484717 /* AIScaledImageCell.h in Headers */,
				8B73DA960A49F2AF00484717 /* AIVerticallyCenteredTextCell.h in Headers */,
				8B73DA980A49F2AF00484717 /* AITextAttributes.h in Headers */,
				8B73DA9B0A49F2AF00484717 /* AIParagraphStyleAdditions.h in Headers */,
				8B73DA9C0A49F2AF00484717 /* AIImageTextCell.h in Headers */,
				8B73DA9F0A49F2AF00484717 /* AIColorAdditions.h in Headers */,
				8B73DAA10A49F2AF00484717 /* AIContextImageBridge.h in Headers */,
				8B73DAA30A49F2AF00484717 /* AIBezierPathAdditions.h in Headers */,
				8B73DAA50A49F2AF00484717 /* AIAttributedStringAdditions.h in Headers */,
				8B73DAA60A49F2AF00484717 /* AIExceptionHandlingUtilities.h in Headers */,
				8B9891A60A5EAAC500F73045 /* WYPreferenceView.h in Headers */,
				8B9892270A5EAFC500F73045 /* WYArrayExtensions.h in Headers */,
			);
			runOnlyForDeploymentPostprocessing = 0;
		};
/* End PBXHeadersBuildPhase section */

/* Begin PBXNativeTarget section */
		8DC2EF4F0486A6940098B216 /* WYAppFramework */ = {
			isa = PBXNativeTarget;
			buildConfigurationList = 8B03055808B8D252007EC1E7 /* Build configuration list for PBXNativeTarget "WYAppFramework" */;
			buildPhases = (
				8DC2EF500486A6940098B216 /* Headers */,
				8DC2EF520486A6940098B216 /* Resources */,
				8DC2EF540486A6940098B216 /* Sources */,
				8DC2EF560486A6940098B216 /* Frameworks */,
			);
			buildRules = (
			);
			buildSettings = {
				DYLIB_COMPATIBILITY_VERSION = 1;
				DYLIB_CURRENT_VERSION = 1;
				FRAMEWORK_VERSION = A;
				GCC_GENERATE_DEBUGGING_SYMBOLS = NO;
				GCC_MODEL_TUNING = G5;
				GCC_PRECOMPILE_PREFIX_HEADER = YES;
				GCC_PREFIX_HEADER = WYAppFramework_Prefix.pch;
				GCC_WARN_ABOUT_RETURN_TYPE = YES;
				GCC_WARN_UNUSED_VARIABLE = YES;
				INFOPLIST_FILE = Info.plist;
				INSTALL_PATH = "$(HOME)/Library/Frameworks";
				LIBRARY_STYLE = DYNAMIC;
				PREBINDING = NO;
				PRODUCT_NAME = WYAppFramework;
				WRAPPER_EXTENSION = framework;
			};
			dependencies = (
			);
			name = WYAppFramework;
			productInstallPath = "$(HOME)/Library/Frameworks";
			productName = WYAppFramework;
			productReference = 8DC2EF5B0486A6940098B216 /* WYAppFramework.framework */;
			productType = "com.apple.product-type.framework";
		};
/* End PBXNativeTarget section */

/* Begin PBXProject section */
		0867D690FE84028FC02AAC07 /* Project object */ = {
			isa = PBXProject;
			buildConfigurationList = 8B03055C08B8D252007EC1E7 /* Build configuration list for PBXProject "WYAppFramework" */;
			buildSettings = {
			};
			buildStyles = (
				014CEA440018CDF011CA2923 /* Debug */,
				014CEA450018CDF011CA2923 /* Release */,
			);
			hasScannedForEncodings = 1;
			mainGroup = 0867D691FE84028FC02AAC07 /* WYAppFramework */;
			productRefGroup = 034768DFFF38A50411DB9C8B /* Products */;
			projectDirPath = "";
			targets = (
				8DC2EF4F0486A6940098B216 /* WYAppFramework */,
			);
		};
/* End PBXProject section */

/* Begin PBXResourcesBuildPhase section */
		8DC2EF520486A6940098B216 /* Resources */ = {
			isa = PBXResourcesBuildPhase;
			buildActionMask = 2147483647;
			files = (
				8BD623CC08B96CE0002E8C79 /* current.png in Resources */,
				8BD623CD08B96CE0002E8C79 /* current_active.png in Resources */,
				8BD623CE08B96CE0002E8C79 /* left.png in Resources */,
				8BD623CF08B96CE0002E8C79 /* left_active.png in Resources */,
				8BD623D008B96CE0002E8C79 /* right.png in Resources */,
				8BD623D108B96CE0002E8C79 /* right_active.png in Resources */,
				8BD623DA08B96D26002E8C79 /* InfoPlist.strings in Resources */,
				8B42404908BFD0C700DC78F2 /* AboutBox.nib in Resources */,
			);
			runOnlyForDeploymentPostprocessing = 0;
		};
/* End PBXResourcesBuildPhase section */

/* Begin PBXSourcesBuildPhase section */
		8DC2EF540486A6940098B216 /* Sources */ = {
			isa = PBXSourcesBuildPhase;
			buildActionMask = 2147483647;
			files = (
				8BD623C108B96CB7002E8C79 /* WYOvalActionCell.m in Sources */,
				8BD623C208B96CB7002E8C79 /* WYOvalTextFieldCell.m in Sources */,
				8B42376008BA723500DC78F2 /* WYTableView.m in Sources */,
				8B42404A08BFD0C700DC78F2 /* LNAboutBoxController.m in Sources */,
				8B42404B08BFD0C700DC78F2 /* WYPreferenceWindow.m in Sources */,
				8B42404C08BFD0C700DC78F2 /* WYAlertExtensions.m in Sources */,
				8B4240A708BFE5D600DC78F2 /* WYApplicationAdditions.m in Sources */,
				8B05AB180A43559400147648 /* KFSplitView.m in Sources */,
				8B73DA810A49F2AF00484717 /* AIGradient.m in Sources */,
				8B73DA830A49F2AF00484717 /* AIGenericViewCell.m in Sources */,
				8B73DA860A49F2AF00484717 /* AIGradientCell.m in Sources */,
				8B73DA880A49F2AF00484717 /* AIGradientImageCell.m in Sources */,
				8B73DA8A0A49F2AF00484717 /* AIFunctions.m in Sources */,
				8B73DA8C0A49F2AF00484717 /* AIFontManagerAdditions.m in Sources */,
				8B73DA8E0A49F2AF00484717 /* AIApplicationAdditions.m in Sources */,
				8B73DA900A49F2AF00484717 /* AIScannerAdditions.m in Sources */,
				8B73DA910A49F2AF00484717 /* AIStringAdditions.m in Sources */,
				8B73DA950A49F2AF00484717 /* AIScaledImageCell.m in Sources */,
				8B73DA970A49F2AF00484717 /* AIVerticallyCenteredTextCell.m in Sources */,
				8B73DA990A49F2AF00484717 /* AITextAttributes.m in Sources */,
				8B73DA9A0A49F2AF00484717 /* AIParagraphStyleAdditions.m in Sources */,
				8B73DA9D0A49F2AF00484717 /* AIImageTextCell.m in Sources */,
				8B73DA9E0A49F2AF00484717 /* AIColorAdditions.m in Sources */,
				8B73DAA00A49F2AF00484717 /* AIContextImageBridge.m in Sources */,
				8B73DAA20A49F2AF00484717 /* AIBezierPathAdditions.m in Sources */,
				8B73DAA40A49F2AF00484717 /* AIAttributedStringAdditions.m in Sources */,
				8B9892280A5EAFC500F73045 /* WYArrayExtensions.m in Sources */,
			);
			runOnlyForDeploymentPostprocessing = 0;
		};
/* End PBXSourcesBuildPhase section */

/* Begin PBXVariantGroup section */
		8BD623D908B96D26002E8C79 /* InfoPlist.strings */ = {
			isa = PBXVariantGroup;
			children = (
				8BD623D508B96D18002E8C79 /* English */,
			);
			name = InfoPlist.strings;
			sourceTree = "<group>";
		};
/* End PBXVariantGroup section */

/* Begin XCBuildConfiguration section */
		8B03055908B8D252007EC1E7 /* Debug */ = {
			isa = XCBuildConfiguration;
			buildSettings = {
				COPY_PHASE_STRIP = NO;
				DYLIB_COMPATIBILITY_VERSION = 1;
				DYLIB_CURRENT_VERSION = 1;
				FRAMEWORK_VERSION = A;
				GCC_C_LANGUAGE_STANDARD = gnu99;
				GCC_DYNAMIC_NO_PIC = NO;
				GCC_ENABLE_FIX_AND_CONTINUE = YES;
				GCC_GENERATE_DEBUGGING_SYMBOLS = YES;
				GCC_MODEL_TUNING = G5;
				GCC_OPTIMIZATION_LEVEL = 0;
				GCC_PRECOMPILE_PREFIX_HEADER = YES;
				GCC_PREFIX_HEADER = "Other Sources/WYAppFramework_Prefix.pch";
				GCC_WARN_ABOUT_RETURN_TYPE = YES;
				GCC_WARN_UNUSED_VARIABLE = YES;
				INFOPLIST_FILE = "Other Sources/Info.plist";
				INSTALL_PATH = "@executable_path/../Frameworks";
				LIBRARY_STYLE = DYNAMIC;
				MACH_O_TYPE = mh_dylib;
				OTHER_LDFLAGS = (
					"-seg1addr",
					0x20000000,
				);
				PREBINDING = NO;
				PRODUCT_NAME = WYAppFramework;
				WRAPPER_EXTENSION = framework;
				ZERO_LINK = YES;
			};
			name = Debug;
		};
		8B03055A08B8D252007EC1E7 /* Release */ = {
			isa = XCBuildConfiguration;
			buildSettings = {
				COPY_PHASE_STRIP = YES;
				DYLIB_COMPATIBILITY_VERSION = 1;
				DYLIB_CURRENT_VERSION = 1;
				FRAMEWORK_VERSION = A;
				GCC_ENABLE_FIX_AND_CONTINUE = NO;
				GCC_GENERATE_DEBUGGING_SYMBOLS = NO;
				GCC_MODEL_TUNING = G5;
				GCC_PRECOMPILE_PREFIX_HEADER = YES;
				GCC_PREFIX_HEADER = "Other Sources/WYAppFramework_Prefix.pch";
				GCC_WARN_ABOUT_RETURN_TYPE = YES;
				GCC_WARN_UNUSED_VARIABLE = YES;
				INFOPLIST_FILE = "Other Sources/Info.plist";
				INSTALL_PATH = "@executable_path/../Frameworks";
				LIBRARY_STYLE = DYNAMIC;
				MACH_O_TYPE = mh_dylib;
				OTHER_LDFLAGS = (
					"-seg1addr",
					0x20000000,
				);
				PREBINDING = YES;
				PRODUCT_NAME = WYAppFramework;
				WRAPPER_EXTENSION = framework;
				ZERO_LINK = NO;
			};
			name = Release;
		};
		8B03055B08B8D252007EC1E7 /* Default */ = {
			isa = XCBuildConfiguration;
			buildSettings = {
				DYLIB_COMPATIBILITY_VERSION = 1;
				DYLIB_CURRENT_VERSION = 1;
				FRAMEWORK_VERSION = A;
				GCC_GENERATE_DEBUGGING_SYMBOLS = NO;
				GCC_MODEL_TUNING = G5;
				GCC_PRECOMPILE_PREFIX_HEADER = YES;
				GCC_PREFIX_HEADER = "Other Sources/WYAppFramework_Prefix.pch";
				GCC_WARN_ABOUT_RETURN_TYPE = YES;
				GCC_WARN_UNUSED_VARIABLE = YES;
				INFOPLIST_FILE = "Other Sources/Info.plist";
				INSTALL_PATH = "@executable_path/../Frameworks";
				LIBRARY_STYLE = DYNAMIC;
				MACH_O_TYPE = mh_dylib;
				OTHER_LDFLAGS = (
					"-seg1addr",
					0x20000000,
				);
				PREBINDING = YES;
				PRODUCT_NAME = WYAppFramework;
				WRAPPER_EXTENSION = framework;
			};
			name = Default;
		};
		8B03055D08B8D252007EC1E7 /* Debug */ = {
			isa = XCBuildConfiguration;
			buildSettings = {
				MACOSX_DEPLOYMENT_TARGET = 10.4;
				SDKROOT = /Developer/SDKs/MacOSX10.4u.sdk;
			};
			name = Debug;
		};
		8B03055E08B8D252007EC1E7 /* Release */ = {
			isa = XCBuildConfiguration;
			buildSettings = {
				ARCHS = (
					ppc,
					i386,
				);
				MACOSX_DEPLOYMENT_TARGET = 10.4;
				SDKROOT = /Developer/SDKs/MacOSX10.4u.sdk;
			};
			name = Release;
		};
		8B03055F08B8D252007EC1E7 /* Default */ = {
			isa = XCBuildConfiguration;
			buildSettings = {
				MACOSX_DEPLOYMENT_TARGET = 10.4;
				SDKROOT = /Developer/SDKs/MacOSX10.4u.sdk;
			};
			name = Default;
		};
/* End XCBuildConfiguration section */

/* Begin XCConfigurationList section */
		8B03055808B8D252007EC1E7 /* Build configuration list for PBXNativeTarget "WYAppFramework" */ = {
			isa = XCConfigurationList;
			buildConfigurations = (
				8B03055908B8D252007EC1E7 /* Debug */,
				8B03055A08B8D252007EC1E7 /* Release */,
				8B03055B08B8D252007EC1E7 /* Default */,
			);
			defaultConfigurationIsVisible = 0;
			defaultConfigurationName = Default;
		};
		8B03055C08B8D252007EC1E7 /* Build configuration list for PBXProject "WYAppFramework" */ = {
			isa = XCConfigurationList;
			buildConfigurations = (
				8B03055D08B8D252007EC1E7 /* Debug */,
				8B03055E08B8D252007EC1E7 /* Release */,
				8B03055F08B8D252007EC1E7 /* Default */,
			);
			defaultConfigurationIsVisible = 0;
			defaultConfigurationName = Default;
		};
/* End XCConfigurationList section */
	};
	rootObject = 0867D690FE84028FC02AAC07 /* Project object */;
}
